// !$*UTF8*$!
{
	archiveVersion = 1;
	classes = {
	};
	objectVersion = 46;
	objects = {

/* Begin PBXBuildFile section */
		941DE6F01C8A292400F4A4A4 /* Interface.storyboard in Resources */ = {isa = PBXBuildFile; fileRef = 941DE6EE1C8A292400F4A4A4 /* Interface.storyboard */; };
		941DE6F21C8A292400F4A4A4 /* Assets.xcassets in Resources */ = {isa = PBXBuildFile; fileRef = 941DE6F11C8A292400F4A4A4 /* Assets.xcassets */; };
		941DE6F91C8A292400F4A4A4 /* TimeTraveler Watch Extension.appex in Embed App Extensions */ = {isa = PBXBuildFile; fileRef = 941DE6F81C8A292400F4A4A4 /* TimeTraveler Watch Extension.appex */; settings = {ATTRIBUTES = (RemoveHeadersOnCopy, ); }; };
		941DE7001C8A292400F4A4A4 /* InterfaceController.swift in Sources */ = {isa = PBXBuildFile; fileRef = 941DE6FF1C8A292400F4A4A4 /* InterfaceController.swift */; };
		941DE7021C8A292400F4A4A4 /* ExtensionDelegate.swift in Sources */ = {isa = PBXBuildFile; fileRef = 941DE7011C8A292400F4A4A4 /* ExtensionDelegate.swift */; };
		941DE7041C8A292400F4A4A4 /* NotificationController.swift in Sources */ = {isa = PBXBuildFile; fileRef = 941DE7031C8A292400F4A4A4 /* NotificationController.swift */; };
		941DE7061C8A292400F4A4A4 /* GlanceController.swift in Sources */ = {isa = PBXBuildFile; fileRef = 941DE7051C8A292400F4A4A4 /* GlanceController.swift */; };
		941DE7081C8A292400F4A4A4 /* ComplicationController.swift in Sources */ = {isa = PBXBuildFile; fileRef = 941DE7071C8A292400F4A4A4 /* ComplicationController.swift */; };
		941DE70A1C8A292400F4A4A4 /* Assets.xcassets in Resources */ = {isa = PBXBuildFile; fileRef = 941DE7091C8A292400F4A4A4 /* Assets.xcassets */; };
		941DE70E1C8A292400F4A4A4 /* TimeTraveler Watch.app in Embed Watch Content */ = {isa = PBXBuildFile; fileRef = 941DE6EC1C8A292400F4A4A4 /* TimeTraveler Watch.app */; };
		941DE7181C8A299300F4A4A4 /* Alamofire.framework in Frameworks */ = {isa = PBXBuildFile; fileRef = 941DE7171C8A299300F4A4A4 /* Alamofire.framework */; };
		941DE71A1C8A29A900F4A4A4 /* Alamofire.framework in Frameworks */ = {isa = PBXBuildFile; fileRef = 941DE7191C8A29A900F4A4A4 /* Alamofire.framework */; };
		941DE7201C8A32F000F4A4A4 /* EnterFlightInfoViewController.swift in Sources */ = {isa = PBXBuildFile; fileRef = 941DE71F1C8A32F000F4A4A4 /* EnterFlightInfoViewController.swift */; };
		941DE7231C8A330500F4A4A4 /* StandardPageViewController.swift in Sources */ = {isa = PBXBuildFile; fileRef = 941DE7211C8A330500F4A4A4 /* StandardPageViewController.swift */; };
		941DE7241C8A330500F4A4A4 /* ViewController+Instatiation.swift in Sources */ = {isa = PBXBuildFile; fileRef = 941DE7221C8A330500F4A4A4 /* ViewController+Instatiation.swift */; };
		94B939F91C7F294200F36C2D /* AppDelegate.swift in Sources */ = {isa = PBXBuildFile; fileRef = 94B939F81C7F294200F36C2D /* AppDelegate.swift */; };
		94B939FE1C7F294200F36C2D /* Main.storyboard in Resources */ = {isa = PBXBuildFile; fileRef = 94B939FC1C7F294200F36C2D /* Main.storyboard */; };
		94B93A001C7F294200F36C2D /* Assets.xcassets in Resources */ = {isa = PBXBuildFile; fileRef = 94B939FF1C7F294200F36C2D /* Assets.xcassets */; };
		94B93A031C7F294200F36C2D /* LaunchScreen.storyboard in Resources */ = {isa = PBXBuildFile; fileRef = 94B93A011C7F294200F36C2D /* LaunchScreen.storyboard */; };
		94B93A0E1C7F294300F36C2D /* TimeTravelerTests.swift in Sources */ = {isa = PBXBuildFile; fileRef = 94B93A0D1C7F294300F36C2D /* TimeTravelerTests.swift */; };
/* End PBXBuildFile section */

/* Begin PBXContainerItemProxy section */
		941DE6FA1C8A292400F4A4A4 /* PBXContainerItemProxy */ = {
			isa = PBXContainerItemProxy;
			containerPortal = 94B939ED1C7F294200F36C2D /* Project object */;
			proxyType = 1;
			remoteGlobalIDString = 941DE6F71C8A292400F4A4A4;
			remoteInfo = "TimeTraveler Watch Extension";
		};
		941DE70C1C8A292400F4A4A4 /* PBXContainerItemProxy */ = {
			isa = PBXContainerItemProxy;
			containerPortal = 94B939ED1C7F294200F36C2D /* Project object */;
			proxyType = 1;
			remoteGlobalIDString = 941DE6EB1C8A292400F4A4A4;
			remoteInfo = "TimeTraveler Watch";
		};
		94B93A0A1C7F294300F36C2D /* PBXContainerItemProxy */ = {
			isa = PBXContainerItemProxy;
			containerPortal = 94B939ED1C7F294200F36C2D /* Project object */;
			proxyType = 1;
			remoteGlobalIDString = 94B939F41C7F294200F36C2D;
			remoteInfo = TimeTraveler;
		};
/* End PBXContainerItemProxy section */

/* Begin PBXCopyFilesBuildPhase section */
		941DE7141C8A292400F4A4A4 /* Embed App Extensions */ = {
			isa = PBXCopyFilesBuildPhase;
			buildActionMask = 2147483647;
			dstPath = "";
			dstSubfolderSpec = 13;
			files = (
				941DE6F91C8A292400F4A4A4 /* TimeTraveler Watch Extension.appex in Embed App Extensions */,
			);
			name = "Embed App Extensions";
			runOnlyForDeploymentPostprocessing = 0;
		};
		941DE7161C8A292400F4A4A4 /* Embed Watch Content */ = {
			isa = PBXCopyFilesBuildPhase;
			buildActionMask = 2147483647;
			dstPath = "$(CONTENTS_FOLDER_PATH)/Watch";
			dstSubfolderSpec = 16;
			files = (
				941DE70E1C8A292400F4A4A4 /* TimeTraveler Watch.app in Embed Watch Content */,
			);
			name = "Embed Watch Content";
			runOnlyForDeploymentPostprocessing = 0;
		};
/* End PBXCopyFilesBuildPhase section */

/* Begin PBXFileReference section */
		941DE6EC1C8A292400F4A4A4 /* TimeTraveler Watch.app */ = {isa = PBXFileReference; explicitFileType = wrapper.application; includeInIndex = 0; path = "TimeTraveler Watch.app"; sourceTree = BUILT_PRODUCTS_DIR; };
		941DE6EF1C8A292400F4A4A4 /* Base */ = {isa = PBXFileReference; lastKnownFileType = file.storyboard; name = Base; path = Base.lproj/Interface.storyboard; sourceTree = "<group>"; };
		941DE6F11C8A292400F4A4A4 /* Assets.xcassets */ = {isa = PBXFileReference; lastKnownFileType = folder.assetcatalog; path = Assets.xcassets; sourceTree = "<group>"; };
		941DE6F31C8A292400F4A4A4 /* Info.plist */ = {isa = PBXFileReference; lastKnownFileType = text.plist.xml; path = Info.plist; sourceTree = "<group>"; };
		941DE6F81C8A292400F4A4A4 /* TimeTraveler Watch Extension.appex */ = {isa = PBXFileReference; explicitFileType = "wrapper.app-extension"; includeInIndex = 0; path = "TimeTraveler Watch Extension.appex"; sourceTree = BUILT_PRODUCTS_DIR; };
		941DE6FE1C8A292400F4A4A4 /* PushNotificationPayload.apns */ = {isa = PBXFileReference; lastKnownFileType = text; path = PushNotificationPayload.apns; sourceTree = "<group>"; };
		941DE6FF1C8A292400F4A4A4 /* InterfaceController.swift */ = {isa = PBXFileReference; lastKnownFileType = sourcecode.swift; path = InterfaceController.swift; sourceTree = "<group>"; };
		941DE7011C8A292400F4A4A4 /* ExtensionDelegate.swift */ = {isa = PBXFileReference; lastKnownFileType = sourcecode.swift; path = ExtensionDelegate.swift; sourceTree = "<group>"; };
		941DE7031C8A292400F4A4A4 /* NotificationController.swift */ = {isa = PBXFileReference; lastKnownFileType = sourcecode.swift; path = NotificationController.swift; sourceTree = "<group>"; };
		941DE7051C8A292400F4A4A4 /* GlanceController.swift */ = {isa = PBXFileReference; lastKnownFileType = sourcecode.swift; path = GlanceController.swift; sourceTree = "<group>"; };
		941DE7071C8A292400F4A4A4 /* ComplicationController.swift */ = {isa = PBXFileReference; lastKnownFileType = sourcecode.swift; path = ComplicationController.swift; sourceTree = "<group>"; };
		941DE7091C8A292400F4A4A4 /* Assets.xcassets */ = {isa = PBXFileReference; lastKnownFileType = folder.assetcatalog; path = Assets.xcassets; sourceTree = "<group>"; };
		941DE70B1C8A292400F4A4A4 /* Info.plist */ = {isa = PBXFileReference; lastKnownFileType = text.plist.xml; path = Info.plist; sourceTree = "<group>"; };
		941DE7171C8A299300F4A4A4 /* Alamofire.framework */ = {isa = PBXFileReference; lastKnownFileType = wrapper.framework; name = Alamofire.framework; path = Carthage/Build/iOS/Alamofire.framework; sourceTree = "<group>"; };
		941DE7191C8A29A900F4A4A4 /* Alamofire.framework */ = {isa = PBXFileReference; lastKnownFileType = wrapper.framework; name = Alamofire.framework; path = Carthage/Build/watchOS/Alamofire.framework; sourceTree = "<group>"; };
		941DE71F1C8A32F000F4A4A4 /* EnterFlightInfoViewController.swift */ = {isa = PBXFileReference; fileEncoding = 4; lastKnownFileType = sourcecode.swift; path = EnterFlightInfoViewController.swift; sourceTree = "<group>"; };
		941DE7211C8A330500F4A4A4 /* StandardPageViewController.swift */ = {isa = PBXFileReference; fileEncoding = 4; lastKnownFileType = sourcecode.swift; path = StandardPageViewController.swift; sourceTree = "<group>"; };
		941DE7221C8A330500F4A4A4 /* ViewController+Instatiation.swift */ = {isa = PBXFileReference; fileEncoding = 4; lastKnownFileType = sourcecode.swift; path = "ViewController+Instatiation.swift"; sourceTree = "<group>"; };
		94B939F51C7F294200F36C2D /* TimeTraveler.app */ = {isa = PBXFileReference; explicitFileType = wrapper.application; includeInIndex = 0; path = TimeTraveler.app; sourceTree = BUILT_PRODUCTS_DIR; };
		94B939F81C7F294200F36C2D /* AppDelegate.swift */ = {isa = PBXFileReference; lastKnownFileType = sourcecode.swift; path = AppDelegate.swift; sourceTree = "<group>"; };
		94B939FD1C7F294200F36C2D /* Base */ = {isa = PBXFileReference; lastKnownFileType = file.storyboard; name = Base; path = Base.lproj/Main.storyboard; sourceTree = "<group>"; };
		94B939FF1C7F294200F36C2D /* Assets.xcassets */ = {isa = PBXFileReference; lastKnownFileType = folder.assetcatalog; path = Assets.xcassets; sourceTree = "<group>"; };
		94B93A021C7F294200F36C2D /* Base */ = {isa = PBXFileReference; lastKnownFileType = file.storyboard; name = Base; path = Base.lproj/LaunchScreen.storyboard; sourceTree = "<group>"; };
		94B93A041C7F294200F36C2D /* Info.plist */ = {isa = PBXFileReference; lastKnownFileType = text.plist.xml; path = Info.plist; sourceTree = "<group>"; };
		94B93A091C7F294300F36C2D /* TimeTravelerTests.xctest */ = {isa = PBXFileReference; explicitFileType = wrapper.cfbundle; includeInIndex = 0; path = TimeTravelerTests.xctest; sourceTree = BUILT_PRODUCTS_DIR; };
		94B93A0D1C7F294300F36C2D /* TimeTravelerTests.swift */ = {isa = PBXFileReference; lastKnownFileType = sourcecode.swift; path = TimeTravelerTests.swift; sourceTree = "<group>"; };
		94B93A0F1C7F294300F36C2D /* Info.plist */ = {isa = PBXFileReference; lastKnownFileType = text.plist.xml; path = Info.plist; sourceTree = "<group>"; };
/* End PBXFileReference section */

/* Begin PBXFrameworksBuildPhase section */
		941DE6F51C8A292400F4A4A4 /* Frameworks */ = {
			isa = PBXFrameworksBuildPhase;
			buildActionMask = 2147483647;
			files = (
				941DE71A1C8A29A900F4A4A4 /* Alamofire.framework in Frameworks */,
			);
			runOnlyForDeploymentPostprocessing = 0;
		};
		94B939F21C7F294200F36C2D /* Frameworks */ = {
			isa = PBXFrameworksBuildPhase;
			buildActionMask = 2147483647;
			files = (
				941DE7181C8A299300F4A4A4 /* Alamofire.framework in Frameworks */,
			);
			runOnlyForDeploymentPostprocessing = 0;
		};
		94B93A061C7F294300F36C2D /* Frameworks */ = {
			isa = PBXFrameworksBuildPhase;
			buildActionMask = 2147483647;
			files = (
			);
			runOnlyForDeploymentPostprocessing = 0;
		};
/* End PBXFrameworksBuildPhase section */

/* Begin PBXGroup section */
		941DE6ED1C8A292400F4A4A4 /* TimeTraveler Watch */ = {
			isa = PBXGroup;
			children = (
				941DE6EE1C8A292400F4A4A4 /* Interface.storyboard */,
				941DE6F11C8A292400F4A4A4 /* Assets.xcassets */,
				941DE6F31C8A292400F4A4A4 /* Info.plist */,
			);
			path = "TimeTraveler Watch";
			sourceTree = "<group>";
		};
		941DE6FC1C8A292400F4A4A4 /* TimeTraveler Watch Extension */ = {
			isa = PBXGroup;
			children = (
				941DE6FF1C8A292400F4A4A4 /* InterfaceController.swift */,
				941DE7011C8A292400F4A4A4 /* ExtensionDelegate.swift */,
				941DE7031C8A292400F4A4A4 /* NotificationController.swift */,
				941DE7051C8A292400F4A4A4 /* GlanceController.swift */,
				941DE7071C8A292400F4A4A4 /* ComplicationController.swift */,
				941DE7091C8A292400F4A4A4 /* Assets.xcassets */,
				941DE70B1C8A292400F4A4A4 /* Info.plist */,
				941DE6FD1C8A292400F4A4A4 /* Supporting Files */,
			);
			path = "TimeTraveler Watch Extension";
			sourceTree = "<group>";
		};
		941DE6FD1C8A292400F4A4A4 /* Supporting Files */ = {
			isa = PBXGroup;
			children = (
				941DE6FE1C8A292400F4A4A4 /* PushNotificationPayload.apns */,
			);
			name = "Supporting Files";
			sourceTree = "<group>";
		};
		941DE71E1C8A328200F4A4A4 /* controller */ = {
			isa = PBXGroup;
			children = (
				941DE7211C8A330500F4A4A4 /* StandardPageViewController.swift */,
				941DE7221C8A330500F4A4A4 /* ViewController+Instatiation.swift */,
				941DE71F1C8A32F000F4A4A4 /* EnterFlightInfoViewController.swift */,
			);
			path = controller;
			sourceTree = "<group>";
		};
		94B939EC1C7F294200F36C2D = {
			isa = PBXGroup;
			children = (
				941DE7191C8A29A900F4A4A4 /* Alamofire.framework */,
				941DE7171C8A299300F4A4A4 /* Alamofire.framework */,
				94B939F71C7F294200F36C2D /* TimeTraveler */,
				94B93A0C1C7F294300F36C2D /* TimeTravelerTests */,
				941DE6ED1C8A292400F4A4A4 /* TimeTraveler Watch */,
				941DE6FC1C8A292400F4A4A4 /* TimeTraveler Watch Extension */,
				94B939F61C7F294200F36C2D /* Products */,
			);
			sourceTree = "<group>";
		};
		94B939F61C7F294200F36C2D /* Products */ = {
			isa = PBXGroup;
			children = (
				94B939F51C7F294200F36C2D /* TimeTraveler.app */,
				94B93A091C7F294300F36C2D /* TimeTravelerTests.xctest */,
				941DE6EC1C8A292400F4A4A4 /* TimeTraveler Watch.app */,
				941DE6F81C8A292400F4A4A4 /* TimeTraveler Watch Extension.appex */,
			);
			name = Products;
			sourceTree = "<group>";
		};
		94B939F71C7F294200F36C2D /* TimeTraveler */ = {
			isa = PBXGroup;
			children = (
				941DE71E1C8A328200F4A4A4 /* controller */,
				94B939F81C7F294200F36C2D /* AppDelegate.swift */,
				94B939FC1C7F294200F36C2D /* Main.storyboard */,
				94B939FF1C7F294200F36C2D /* Assets.xcassets */,
				94B93A011C7F294200F36C2D /* LaunchScreen.storyboard */,
				94B93A041C7F294200F36C2D /* Info.plist */,
			);
			path = TimeTraveler;
			sourceTree = "<group>";
		};
		94B93A0C1C7F294300F36C2D /* TimeTravelerTests */ = {
			isa = PBXGroup;
			children = (
				94B93A0D1C7F294300F36C2D /* TimeTravelerTests.swift */,
				94B93A0F1C7F294300F36C2D /* Info.plist */,
			);
			path = TimeTravelerTests;
			sourceTree = "<group>";
		};
/* End PBXGroup section */

/* Begin PBXNativeTarget section */
		941DE6EB1C8A292400F4A4A4 /* TimeTraveler Watch */ = {
			isa = PBXNativeTarget;
			buildConfigurationList = 941DE7151C8A292400F4A4A4 /* Build configuration list for PBXNativeTarget "TimeTraveler Watch" */;
			buildPhases = (
				941DE6EA1C8A292400F4A4A4 /* Resources */,
				941DE7141C8A292400F4A4A4 /* Embed App Extensions */,
			);
			buildRules = (
			);
			dependencies = (
				941DE6FB1C8A292400F4A4A4 /* PBXTargetDependency */,
			);
			name = "TimeTraveler Watch";
			productName = "TimeTraveler Watch";
			productReference = 941DE6EC1C8A292400F4A4A4 /* TimeTraveler Watch.app */;
			productType = "com.apple.product-type.application.watchapp2";
		};
		941DE6F71C8A292400F4A4A4 /* TimeTraveler Watch Extension */ = {
			isa = PBXNativeTarget;
			buildConfigurationList = 941DE7131C8A292400F4A4A4 /* Build configuration list for PBXNativeTarget "TimeTraveler Watch Extension" */;
			buildPhases = (
				941DE6F41C8A292400F4A4A4 /* Sources */,
				941DE6F51C8A292400F4A4A4 /* Frameworks */,
				941DE6F61C8A292400F4A4A4 /* Resources */,
				941DE71D1C8A2ADE00F4A4A4 /* ShellScript */,
			);
			buildRules = (
			);
			dependencies = (
			);
			name = "TimeTraveler Watch Extension";
			productName = "TimeTraveler Watch Extension";
			productReference = 941DE6F81C8A292400F4A4A4 /* TimeTraveler Watch Extension.appex */;
			productType = "com.apple.product-type.watchkit2-extension";
		};
		94B939F41C7F294200F36C2D /* TimeTraveler */ = {
			isa = PBXNativeTarget;
			buildConfigurationList = 94B93A121C7F294300F36C2D /* Build configuration list for PBXNativeTarget "TimeTraveler" */;
			buildPhases = (
				94B939F11C7F294200F36C2D /* Sources */,
				94B939F21C7F294200F36C2D /* Frameworks */,
				94B939F31C7F294200F36C2D /* Resources */,
				941DE7161C8A292400F4A4A4 /* Embed Watch Content */,
				941DE71C1C8A29E500F4A4A4 /* ShellScript */,
			);
			buildRules = (
			);
			dependencies = (
				941DE70D1C8A292400F4A4A4 /* PBXTargetDependency */,
			);
			name = TimeTraveler;
			productName = TimeTraveler;
			productReference = 94B939F51C7F294200F36C2D /* TimeTraveler.app */;
			productType = "com.apple.product-type.application";
		};
		94B93A081C7F294300F36C2D /* TimeTravelerTests */ = {
			isa = PBXNativeTarget;
			buildConfigurationList = 94B93A151C7F294300F36C2D /* Build configuration list for PBXNativeTarget "TimeTravelerTests" */;
			buildPhases = (
				94B93A051C7F294300F36C2D /* Sources */,
				94B93A061C7F294300F36C2D /* Frameworks */,
				94B93A071C7F294300F36C2D /* Resources */,
			);
			buildRules = (
			);
			dependencies = (
				94B93A0B1C7F294300F36C2D /* PBXTargetDependency */,
			);
			name = TimeTravelerTests;
			productName = TimeTravelerTests;
			productReference = 94B93A091C7F294300F36C2D /* TimeTravelerTests.xctest */;
			productType = "com.apple.product-type.bundle.unit-test";
		};
/* End PBXNativeTarget section */

/* Begin PBXProject section */
		94B939ED1C7F294200F36C2D /* Project object */ = {
			isa = PBXProject;
			attributes = {
				LastSwiftUpdateCheck = 0720;
				LastUpgradeCheck = 0720;
				ORGANIZATIONNAME = "Lukas Schmidt";
				TargetAttributes = {
					941DE6EB1C8A292400F4A4A4 = {
						CreatedOnToolsVersion = 7.2.1;
						DevelopmentTeam = 2UNP9S73JZ;
					};
					941DE6F71C8A292400F4A4A4 = {
						CreatedOnToolsVersion = 7.2.1;
					};
					94B939F41C7F294200F36C2D = {
						CreatedOnToolsVersion = 7.2.1;
						DevelopmentTeam = 2UNP9S73JZ;
						SystemCapabilities = {
							com.apple.Push = {
								enabled = 1;
							};
						};
					};
					94B93A081C7F294300F36C2D = {
						CreatedOnToolsVersion = 7.2.1;
						TestTargetID = 94B939F41C7F294200F36C2D;
					};
				};
			};
			buildConfigurationList = 94B939F01C7F294200F36C2D /* Build configuration list for PBXProject "TimeTraveler" */;
			compatibilityVersion = "Xcode 3.2";
			developmentRegion = English;
			hasScannedForEncodings = 0;
			knownRegions = (
				en,
				Base,
			);
			mainGroup = 94B939EC1C7F294200F36C2D;
			productRefGroup = 94B939F61C7F294200F36C2D /* Products */;
			projectDirPath = "";
			projectRoot = "";
			targets = (
				94B939F41C7F294200F36C2D /* TimeTraveler */,
				94B93A081C7F294300F36C2D /* TimeTravelerTests */,
				941DE6EB1C8A292400F4A4A4 /* TimeTraveler Watch */,
				941DE6F71C8A292400F4A4A4 /* TimeTraveler Watch Extension */,
			);
		};
/* End PBXProject section */

/* Begin PBXResourcesBuildPhase section */
		941DE6EA1C8A292400F4A4A4 /* Resources */ = {
			isa = PBXResourcesBuildPhase;
			buildActionMask = 2147483647;
			files = (
				941DE6F21C8A292400F4A4A4 /* Assets.xcassets in Resources */,
				941DE6F01C8A292400F4A4A4 /* Interface.storyboard in Resources */,
			);
			runOnlyForDeploymentPostprocessing = 0;
		};
		941DE6F61C8A292400F4A4A4 /* Resources */ = {
			isa = PBXResourcesBuildPhase;
			buildActionMask = 2147483647;
			files = (
				941DE70A1C8A292400F4A4A4 /* Assets.xcassets in Resources */,
			);
			runOnlyForDeploymentPostprocessing = 0;
		};
		94B939F31C7F294200F36C2D /* Resources */ = {
			isa = PBXResourcesBuildPhase;
			buildActionMask = 2147483647;
			files = (
				94B93A031C7F294200F36C2D /* LaunchScreen.storyboard in Resources */,
				94B93A001C7F294200F36C2D /* Assets.xcassets in Resources */,
				94B939FE1C7F294200F36C2D /* Main.storyboard in Resources */,
			);
			runOnlyForDeploymentPostprocessing = 0;
		};
		94B93A071C7F294300F36C2D /* Resources */ = {
			isa = PBXResourcesBuildPhase;
			buildActionMask = 2147483647;
			files = (
			);
			runOnlyForDeploymentPostprocessing = 0;
		};
/* End PBXResourcesBuildPhase section */

/* Begin PBXShellScriptBuildPhase section */
		941DE71C1C8A29E500F4A4A4 /* ShellScript */ = {
			isa = PBXShellScriptBuildPhase;
			buildActionMask = 2147483647;
			files = (
			);
			inputPaths = (
				"$(SRCROOT)/Carthage/Build/iOS/Alamofire.framework",
			);
			outputPaths = (
			);
			runOnlyForDeploymentPostprocessing = 0;
			shellPath = "/usr/local/bin/carthage copy-frameworks";
			shellScript = "";
		};
		941DE71D1C8A2ADE00F4A4A4 /* ShellScript */ = {
			isa = PBXShellScriptBuildPhase;
			buildActionMask = 2147483647;
			files = (
			);
			inputPaths = (
				"$(SRCROOT)/Carthage/Build/watchOS/Alamofire.framework",
			);
			outputPaths = (
			);
			runOnlyForDeploymentPostprocessing = 0;
			shellPath = "/usr/local/bin/carthage copy-frameworks";
			shellScript = "";
		};
/* End PBXShellScriptBuildPhase section */

/* Begin PBXSourcesBuildPhase section */
		941DE6F41C8A292400F4A4A4 /* Sources */ = {
			isa = PBXSourcesBuildPhase;
			buildActionMask = 2147483647;
			files = (
				941DE7041C8A292400F4A4A4 /* NotificationController.swift in Sources */,
				941DE7021C8A292400F4A4A4 /* ExtensionDelegate.swift in Sources */,
				941DE7081C8A292400F4A4A4 /* ComplicationController.swift in Sources */,
				941DE7001C8A292400F4A4A4 /* InterfaceController.swift in Sources */,
				941DE7061C8A292400F4A4A4 /* GlanceController.swift in Sources */,
			);
			runOnlyForDeploymentPostprocessing = 0;
		};
		94B939F11C7F294200F36C2D /* Sources */ = {
			isa = PBXSourcesBuildPhase;
			buildActionMask = 2147483647;
			files = (
				94B939F91C7F294200F36C2D /* AppDelegate.swift in Sources */,
				941DE7231C8A330500F4A4A4 /* StandardPageViewController.swift in Sources */,
				941DE7201C8A32F000F4A4A4 /* EnterFlightInfoViewController.swift in Sources */,
				941DE7241C8A330500F4A4A4 /* ViewController+Instatiation.swift in Sources */,
			);
			runOnlyForDeploymentPostprocessing = 0;
		};
		94B93A051C7F294300F36C2D /* Sources */ = {
			isa = PBXSourcesBuildPhase;
			buildActionMask = 2147483647;
			files = (
				94B93A0E1C7F294300F36C2D /* TimeTravelerTests.swift in Sources */,
			);
			runOnlyForDeploymentPostprocessing = 0;
		};
/* End PBXSourcesBuildPhase section */

/* Begin PBXTargetDependency section */
		941DE6FB1C8A292400F4A4A4 /* PBXTargetDependency */ = {
			isa = PBXTargetDependency;
			target = 941DE6F71C8A292400F4A4A4 /* TimeTraveler Watch Extension */;
			targetProxy = 941DE6FA1C8A292400F4A4A4 /* PBXContainerItemProxy */;
		};
		941DE70D1C8A292400F4A4A4 /* PBXTargetDependency */ = {
			isa = PBXTargetDependency;
			target = 941DE6EB1C8A292400F4A4A4 /* TimeTraveler Watch */;
			targetProxy = 941DE70C1C8A292400F4A4A4 /* PBXContainerItemProxy */;
		};
		94B93A0B1C7F294300F36C2D /* PBXTargetDependency */ = {
			isa = PBXTargetDependency;
			target = 94B939F41C7F294200F36C2D /* TimeTraveler */;
			targetProxy = 94B93A0A1C7F294300F36C2D /* PBXContainerItemProxy */;
		};
/* End PBXTargetDependency section */

/* Begin PBXVariantGroup section */
		941DE6EE1C8A292400F4A4A4 /* Interface.storyboard */ = {
			isa = PBXVariantGroup;
			children = (
				941DE6EF1C8A292400F4A4A4 /* Base */,
			);
			name = Interface.storyboard;
			sourceTree = "<group>";
		};
		94B939FC1C7F294200F36C2D /* Main.storyboard */ = {
			isa = PBXVariantGroup;
			children = (
				94B939FD1C7F294200F36C2D /* Base */,
			);
			name = Main.storyboard;
			sourceTree = "<group>";
		};
		94B93A011C7F294200F36C2D /* LaunchScreen.storyboard */ = {
			isa = PBXVariantGroup;
			children = (
				94B93A021C7F294200F36C2D /* Base */,
			);
			name = LaunchScreen.storyboard;
			sourceTree = "<group>";
		};
/* End PBXVariantGroup section */

/* Begin XCBuildConfiguration section */
		941DE70F1C8A292400F4A4A4 /* Debug */ = {
			isa = XCBuildConfiguration;
			buildSettings = {
				ASSETCATALOG_COMPILER_APPICON_NAME = AppIcon;
				CODE_SIGN_IDENTITY = "iPhone Developer";
				"CODE_SIGN_IDENTITY[sdk=iphoneos*]" = "iPhone Developer";
				EMBEDDED_CONTENT_CONTAINS_SWIFT = YES;
				IBSC_MODULE = TimeTraveler_Watch_Extension;
				INFOPLIST_FILE = "TimeTraveler Watch/Info.plist";
				PRODUCT_BUNDLE_IDENTIFIER = de.freiraum.timetraveler.watchkitapp;
				PRODUCT_NAME = "$(TARGET_NAME)";
				SDKROOT = watchos;
				SKIP_INSTALL = YES;
				TARGETED_DEVICE_FAMILY = 4;
				WATCHOS_DEPLOYMENT_TARGET = 2.1;
			};
			name = Debug;
		};
		941DE7101C8A292400F4A4A4 /* Release */ = {
			isa = XCBuildConfiguration;
			buildSettings = {
				ASSETCATALOG_COMPILER_APPICON_NAME = AppIcon;
				CODE_SIGN_IDENTITY = "iPhone Developer";
				"CODE_SIGN_IDENTITY[sdk=iphoneos*]" = "iPhone Developer";
				EMBEDDED_CONTENT_CONTAINS_SWIFT = YES;
				IBSC_MODULE = TimeTraveler_Watch_Extension;
				INFOPLIST_FILE = "TimeTraveler Watch/Info.plist";
				PRODUCT_BUNDLE_IDENTIFIER = de.freiraum.timetraveler.watchkitapp;
				PRODUCT_NAME = "$(TARGET_NAME)";
				SDKROOT = watchos;
				SKIP_INSTALL = YES;
				TARGETED_DEVICE_FAMILY = 4;
				WATCHOS_DEPLOYMENT_TARGET = 2.1;
			};
			name = Release;
		};
		941DE7111C8A292400F4A4A4 /* Debug */ = {
			isa = XCBuildConfiguration;
			buildSettings = {
				ASSETCATALOG_COMPILER_COMPLICATION_NAME = Complication;
				FRAMEWORK_SEARCH_PATHS = (
					"$(inherited)",
					"$(PROJECT_DIR)/Carthage/Build/watchOS",
				);
				INFOPLIST_FILE = "TimeTraveler Watch Extension/Info.plist";
				LD_RUNPATH_SEARCH_PATHS = "$(inherited) @executable_path/Frameworks @executable_path/../../Frameworks";
				PRODUCT_BUNDLE_IDENTIFIER = de.freiraum.timetraveler.watchkitapp.watchkitextension;
				PRODUCT_NAME = "${TARGET_NAME}";
				SDKROOT = watchos;
				SKIP_INSTALL = YES;
				TARGETED_DEVICE_FAMILY = 4;
				WATCHOS_DEPLOYMENT_TARGET = 2.1;
			};
			name = Debug;
		};
		941DE7121C8A292400F4A4A4 /* Release */ = {
			isa = XCBuildConfiguration;
			buildSettings = {
				ASSETCATALOG_COMPILER_COMPLICATION_NAME = Complication;
				FRAMEWORK_SEARCH_PATHS = (
					"$(inherited)",
					"$(PROJECT_DIR)/Carthage/Build/watchOS",
				);
				INFOPLIST_FILE = "TimeTraveler Watch Extension/Info.plist";
				LD_RUNPATH_SEARCH_PATHS = "$(inherited) @executable_path/Frameworks @executable_path/../../Frameworks";
				PRODUCT_BUNDLE_IDENTIFIER = de.freiraum.timetraveler.watchkitapp.watchkitextension;
				PRODUCT_NAME = "${TARGET_NAME}";
				SDKROOT = watchos;
				SKIP_INSTALL = YES;
				TARGETED_DEVICE_FAMILY = 4;
				WATCHOS_DEPLOYMENT_TARGET = 2.1;
			};
			name = Release;
		};
		94B93A101C7F294300F36C2D /* Debug */ = {
			isa = XCBuildConfiguration;
			buildSettings = {
				ALWAYS_SEARCH_USER_PATHS = NO;
				CLANG_CXX_LANGUAGE_STANDARD = "gnu++0x";
				CLANG_CXX_LIBRARY = "libc++";
				CLANG_ENABLE_MODULES = YES;
				CLANG_ENABLE_OBJC_ARC = YES;
				CLANG_WARN_BOOL_CONVERSION = YES;
				CLANG_WARN_CONSTANT_CONVERSION = YES;
				CLANG_WARN_DIRECT_OBJC_ISA_USAGE = YES_ERROR;
				CLANG_WARN_EMPTY_BODY = YES;
				CLANG_WARN_ENUM_CONVERSION = YES;
				CLANG_WARN_INT_CONVERSION = YES;
				CLANG_WARN_OBJC_ROOT_CLASS = YES_ERROR;
				CLANG_WARN_UNREACHABLE_CODE = YES;
				CLANG_WARN__DUPLICATE_METHOD_MATCH = YES;
				"CODE_SIGN_IDENTITY[sdk=iphoneos*]" = "iPhone Developer";
				COPY_PHASE_STRIP = NO;
				DEBUG_INFORMATION_FORMAT = dwarf;
				ENABLE_STRICT_OBJC_MSGSEND = YES;
				ENABLE_TESTABILITY = YES;
				GCC_C_LANGUAGE_STANDARD = gnu99;
				GCC_DYNAMIC_NO_PIC = NO;
				GCC_NO_COMMON_BLOCKS = YES;
				GCC_OPTIMIZATION_LEVEL = 0;
				GCC_PREPROCESSOR_DEFINITIONS = (
					"DEBUG=1",
					"$(inherited)",
				);
				GCC_WARN_64_TO_32_BIT_CONVERSION = YES;
				GCC_WARN_ABOUT_RETURN_TYPE = YES_ERROR;
				GCC_WARN_UNDECLARED_SELECTOR = YES;
				GCC_WARN_UNINITIALIZED_AUTOS = YES_AGGRESSIVE;
				GCC_WARN_UNUSED_FUNCTION = YES;
				GCC_WARN_UNUSED_VARIABLE = YES;
				IPHONEOS_DEPLOYMENT_TARGET = 9.2;
				MTL_ENABLE_DEBUG_INFO = YES;
				ONLY_ACTIVE_ARCH = YES;
				SDKROOT = iphoneos;
				SWIFT_OPTIMIZATION_LEVEL = "-Onone";
			};
			name = Debug;
		};
		94B93A111C7F294300F36C2D /* Release */ = {
			isa = XCBuildConfiguration;
			buildSettings = {
				ALWAYS_SEARCH_USER_PATHS = NO;
				CLANG_CXX_LANGUAGE_STANDARD = "gnu++0x";
				CLANG_CXX_LIBRARY = "libc++";
				CLANG_ENABLE_MODULES = YES;
				CLANG_ENABLE_OBJC_ARC = YES;
				CLANG_WARN_BOOL_CONVERSION = YES;
				CLANG_WARN_CONSTANT_CONVERSION = YES;
				CLANG_WARN_DIRECT_OBJC_ISA_USAGE = YES_ERROR;
				CLANG_WARN_EMPTY_BODY = YES;
				CLANG_WARN_ENUM_CONVERSION = YES;
				CLANG_WARN_INT_CONVERSION = YES;
				CLANG_WARN_OBJC_ROOT_CLASS = YES_ERROR;
				CLANG_WARN_UNREACHABLE_CODE = YES;
				CLANG_WARN__DUPLICATE_METHOD_MATCH = YES;
				"CODE_SIGN_IDENTITY[sdk=iphoneos*]" = "iPhone Developer";
				COPY_PHASE_STRIP = NO;
				DEBUG_INFORMATION_FORMAT = "dwarf-with-dsym";
				ENABLE_NS_ASSERTIONS = NO;
				ENABLE_STRICT_OBJC_MSGSEND = YES;
				GCC_C_LANGUAGE_STANDARD = gnu99;
				GCC_NO_COMMON_BLOCKS = YES;
				GCC_WARN_64_TO_32_BIT_CONVERSION = YES;
				GCC_WARN_ABOUT_RETURN_TYPE = YES_ERROR;
				GCC_WARN_UNDECLARED_SELECTOR = YES;
				GCC_WARN_UNINITIALIZED_AUTOS = YES_AGGRESSIVE;
				GCC_WARN_UNUSED_FUNCTION = YES;
				GCC_WARN_UNUSED_VARIABLE = YES;
				IPHONEOS_DEPLOYMENT_TARGET = 9.2;
				MTL_ENABLE_DEBUG_INFO = NO;
				SDKROOT = iphoneos;
				VALIDATE_PRODUCT = YES;
			};
			name = Release;
		};
		94B93A131C7F294300F36C2D /* Debug */ = {
			isa = XCBuildConfiguration;
			buildSettings = {
				ASSETCATALOG_COMPILER_APPICON_NAME = AppIcon;
				CODE_SIGN_IDENTITY = "iPhone Developer";
				"CODE_SIGN_IDENTITY[sdk=iphoneos*]" = "iPhone Developer";
				FRAMEWORK_SEARCH_PATHS = (
					"$(inherited)",
					"$(PROJECT_DIR)/Carthage/Build/iOS",
				);
				INFOPLIST_FILE = TimeTraveler/Info.plist;
				LD_RUNPATH_SEARCH_PATHS = "$(inherited) @executable_path/Frameworks";
				PRODUCT_BUNDLE_IDENTIFIER = de.freiraum.timetraveler;
				PRODUCT_NAME = "$(TARGET_NAME)";
				PROVISIONING_PROFILE = "";
			};
			name = Debug;
		};
		94B93A141C7F294300F36C2D /* Release */ = {
			isa = XCBuildConfiguration;
			buildSettings = {
				ASSETCATALOG_COMPILER_APPICON_NAME = AppIcon;
				CODE_SIGN_IDENTITY = "iPhone Developer";
				"CODE_SIGN_IDENTITY[sdk=iphoneos*]" = "iPhone Developer";
				FRAMEWORK_SEARCH_PATHS = (
					"$(inherited)",
					"$(PROJECT_DIR)/Carthage/Build/iOS",
				);
				INFOPLIST_FILE = TimeTraveler/Info.plist;
				LD_RUNPATH_SEARCH_PATHS = "$(inherited) @executable_path/Frameworks";
				PRODUCT_BUNDLE_IDENTIFIER = de.freiraum.timetraveler;
				PRODUCT_NAME = "$(TARGET_NAME)";
				PROVISIONING_PROFILE = "";
			};
			name = Release;
		};
		94B93A161C7F294300F36C2D /* Debug */ = {
			isa = XCBuildConfiguration;
			buildSettings = {
				BUNDLE_LOADER = "$(TEST_HOST)";
				INFOPLIST_FILE = TimeTravelerTests/Info.plist;
				LD_RUNPATH_SEARCH_PATHS = "$(inherited) @executable_path/Frameworks @loader_path/Frameworks";
				PRODUCT_BUNDLE_IDENTIFIER = de.freiraum.TimeTravelerTests;
				PRODUCT_NAME = "$(TARGET_NAME)";
				TEST_HOST = "$(BUILT_PRODUCTS_DIR)/TimeTraveler.app/TimeTraveler";
			};
			name = Debug;
		};
		94B93A171C7F294300F36C2D /* Release */ = {
			isa = XCBuildConfiguration;
			buildSettings = {
				BUNDLE_LOADER = "$(TEST_HOST)";
				INFOPLIST_FILE = TimeTravelerTests/Info.plist;
				LD_RUNPATH_SEARCH_PATHS = "$(inherited) @executable_path/Frameworks @loader_path/Frameworks";
				PRODUCT_BUNDLE_IDENTIFIER = de.freiraum.TimeTravelerTests;
				PRODUCT_NAME = "$(TARGET_NAME)";
				TEST_HOST = "$(BUILT_PRODUCTS_DIR)/TimeTraveler.app/TimeTraveler";
			};
			name = Release;
		};
/* End XCBuildConfiguration section */

/* Begin XCConfigurationList section */
		941DE7131C8A292400F4A4A4 /* Build configuration list for PBXNativeTarget "TimeTraveler Watch Extension" */ = {
			isa = XCConfigurationList;
			buildConfigurations = (
				941DE7111C8A292400F4A4A4 /* Debug */,
				941DE7121C8A292400F4A4A4 /* Release */,
			);
			defaultConfigurationIsVisible = 0;
		};
		941DE7151C8A292400F4A4A4 /* Build configuration list for PBXNativeTarget "TimeTraveler Watch" */ = {
			isa = XCConfigurationList;
			buildConfigurations = (
				941DE70F1C8A292400F4A4A4 /* Debug */,
				941DE7101C8A292400F4A4A4 /* Release */,
			);
			defaultConfigurationIsVisible = 0;
		};
		94B939F01C7F294200F36C2D /* Build configuration list for PBXProject "TimeTraveler" */ = {
			isa = XCConfigurationList;
			buildConfigurations = (
				94B93A101C7F294300F36C2D /* Debug */,
				94B93A111C7F294300F36C2D /* Release */,
			);
			defaultConfigurationIsVisible = 0;
			defaultConfigurationName = Release;
		};
		94B93A121C7F294300F36C2D /* Build configuration list for PBXNativeTarget "TimeTraveler" */ = {
			isa = XCConfigurationList;
			buildConfigurations = (
				94B93A131C7F294300F36C2D /* Debug */,
				94B93A141C7F294300F36C2D /* Release */,
			);
			defaultConfigurationIsVisible = 0;
			defaultConfigurationName = Release;
		};
		94B93A151C7F294300F36C2D /* Build configuration list for PBXNativeTarget "TimeTravelerTests" */ = {
			isa = XCConfigurationList;
			buildConfigurations = (
				94B93A161C7F294300F36C2D /* Debug */,
				94B93A171C7F294300F36C2D /* Release */,
			);
			defaultConfigurationIsVisible = 0;
			defaultConfigurationName = Release;
		};
/* End XCConfigurationList section */
	};
	rootObject = 94B939ED1C7F294200F36C2D /* Project object */;
}
